{
  "name": "cm-fen-editor",
  "version": "3.2.10",
  "lockfileVersion": 2,
  "requires": true,
  "packages": {
    "": {
      "name": "cm-fen-editor",
      "version": "3.2.10",
      "license": "MIT",
      "dependencies": {
        "bootstrap-auto-dark-mode": "^1.1.1",
        "bootstrap-input-spinner": "^4.0.4",
        "chess.mjs": "^2.2.6",
        "cm-chess": "^3.6.1",
        "cm-chessboard": "^8.11.5",
        "cm-chessboard-position-editor": "^2.2.3",
        "cm-web-modules": "^2.5.1"
      }
    },
    "node_modules/bootstrap-auto-dark-mode": {
      "version": "1.1.1",
      "resolved": "https://registry.npmjs.org/bootstrap-auto-dark-mode/-/bootstrap-auto-dark-mode-1.1.1.tgz",
      "integrity": "sha512-xjRNLkrXkpBiWSsV/RmtvhbveTlylLISUYF4URIHkXlh+Nn5iSZux7lW9Y7HIp6tMKh4klUSwlFYklcMlkEuMw==",
      "license": "MIT"
    },
    "node_modules/bootstrap-input-spinner": {
      "version": "4.0.4",
      "resolved": "https://registry.npmjs.org/bootstrap-input-spinner/-/bootstrap-input-spinner-4.0.4.tgz",
      "integrity": "sha512-6rIEXvALNC7/Oa/CXNfYfeaXlzJ9cnnmEd3FgvrpO8dEcM6tP3GDJ1vOeeggMOtvPj7Z4Fuau22EdGWkYo2XSA==",
      "license": "MIT"
    },
    "node_modules/chess.mjs": {
      "version": "2.2.6",
      "resolved": "https://registry.npmjs.org/chess.mjs/-/chess.mjs-2.2.6.tgz",
      "integrity": "sha512-kteiZrVz42EsEJjb2G8NlCZg4fNPlSBAnIbywK065TVtnEvRqyHTN+OVR+vZ/A1iGNM/6kZpbiyUpisCwq8oUg==",
      "license": "BSD-2-Clause"
    },
    "node_modules/cm-chess": {
      "version": "3.6.1",
      "resolved": "https://registry.npmjs.org/cm-chess/-/cm-chess-3.6.1.tgz",
      "integrity": "sha512-karER268S+Toce0XO2Ft86Qh5X/p30nbGBdzItpy3p15TKc+hjfxgiMlGkB0pjeQmVGT072t7QTNnOLM1a1C1g==",
      "license": "MIT",
      "dependencies": {
        "chess.mjs": "^2.2.3",
        "cm-pgn": "4.0.6"
      }
    },
    "node_modules/cm-chessboard": {
      "version": "8.11.5",
      "resolved": "https://registry.npmjs.org/cm-chessboard/-/cm-chessboard-8.11.5.tgz",
      "integrity": "sha512-zLoOeJe82ZZTjRiQUxdilHs2XSyhfIS0Eecjnj+bfHrxycqkApszt8XW5ORhooT9/SL18IEsiy1+i25a4lE1BQ==",
      "license": "MIT"
    },
    "node_modules/cm-chessboard-position-editor": {
      "version": "2.2.3",
      "resolved": "https://registry.npmjs.org/cm-chessboard-position-editor/-/cm-chessboard-position-editor-2.2.3.tgz",
      "integrity": "sha512-bhix9WW2Jl6tBIjKhWBR45OZrHMdwKA7hT10OPNCliQP36lmU6CqH4mSUeu7vUCCjFkE/5qsV9nX+9XsTuTVPQ==",
      "dependencies": {
        "cm-chessboard": "^8.2.1",
        "extreme-minimal-css": "^1.2.1"
      }
    },
    "node_modules/cm-pgn": {
      "version": "4.0.6",
      "resolved": "https://registry.npmjs.org/cm-pgn/-/cm-pgn-4.0.6.tgz",
      "integrity": "sha512-4nsWoI+vEGrLaGM2vSOng00qvIl3Oj4bx+5UfFdH8MT7DiaphVt+7vo8PuzUV+jJhmvYnV83/UNv4gyr03Rlfw==",
      "license": "MIT",
      "dependencies": {
        "chess.mjs": "^2.2.3"
      }
    },
    "node_modules/cm-web-modules": {
      "version": "2.5.1",
      "resolved": "https://registry.npmjs.org/cm-web-modules/-/cm-web-modules-2.5.1.tgz",
      "integrity": "sha512-uRZK/x66ycLTohj8PRjpuaOGri+DZH9u613si59MZehMX+/mrI2cRgUs9rWv8xhxKBZ5F0qpUCuimgWMGC9F+w==",
      "license": "MIT"
    },
    "node_modules/extreme-minimal-css": {
      "version": "1.2.1",
      "resolved": "https://registry.npmjs.org/extreme-minimal-css/-/extreme-minimal-css-1.2.1.tgz",
      "integrity": "sha512-CP/sN+Fq4I1N2DjgC01KPvQx8rH4Ibo479NFt0R0zP0Mib9NZGa9mflef9DTY/vT2JoYNouekwjLtPxDLdHn6Q=="
    }
  },
  "dependencies": {
    "bootstrap-auto-dark-mode": {
      "version": "1.1.1",
      "resolved": "https://registry.npmjs.org/bootstrap-auto-dark-mode/-/bootstrap-auto-dark-mode-1.1.1.tgz",
      "integrity": "sha512-xjRNLkrXkpBiWSsV/RmtvhbveTlylLISUYF4URIHkXlh+Nn5iSZux7lW9Y7HIp6tMKh4klUSwlFYklcMlkEuMw=="
    },
    "bootstrap-input-spinner": {
      "version": "4.0.4",
      "resolved": "https://registry.npmjs.org/bootstrap-input-spinner/-/bootstrap-input-spinner-4.0.4.tgz",
      "integrity": "sha512-6rIEXvALNC7/Oa/CXNfYfeaXlzJ9cnnmEd3FgvrpO8dEcM6tP3GDJ1vOeeggMOtvPj7Z4Fuau22EdGWkYo2XSA=="
    },
    "chess.mjs": {
      "version": "2.2.6",
      "resolved": "https://registry.npmjs.org/chess.mjs/-/chess.mjs-2.2.6.tgz",
      "integrity": "sha512-kteiZrVz42EsEJjb2G8NlCZg4fNPlSBAnIbywK065TVtnEvRqyHTN+OVR+vZ/A1iGNM/6kZpbiyUpisCwq8oUg=="
    },
    "cm-chess": {
      "version": "3.6.1",
      "resolved": "https://registry.npmjs.org/cm-chess/-/cm-chess-3.6.1.tgz",
      "integrity": "sha512-karER268S+Toce0XO2Ft86Qh5X/p30nbGBdzItpy3p15TKc+hjfxgiMlGkB0pjeQmVGT072t7QTNnOLM1a1C1g==",
      "requires": {
        "chess.mjs": "^2.2.3",
        "cm-pgn": "4.0.6"
      }
    },
    "cm-chessboard": {
      "version": "8.11.5",
      "resolved": "https://registry.npmjs.org/cm-chessboard/-/cm-chessboard-8.11.5.tgz",
      "integrity": "sha512-zLoOeJe82ZZTjRiQUxdilHs2XSyhfIS0Eecjnj+bfHrxycqkApszt8XW5ORhooT9/SL18IEsiy1+i25a4lE1BQ=="
    },
    "cm-chessboard-position-editor": {
      "version": "2.2.3",
      "resolved": "https://registry.npmjs.org/cm-chessboard-position-editor/-/cm-chessboard-position-editor-2.2.3.tgz",
      "integrity": "sha512-bhix9WW2Jl6tBIjKhWBR45OZrHMdwKA7hT10OPNCliQP36lmU6CqH4mSUeu7vUCCjFkE/5qsV9nX+9XsTuTVPQ==",
      "requires": {
        "cm-chessboard": "^8.2.1",
        "extreme-minimal-css": "^1.2.1"
      }
    },
    "cm-pgn": {
      "version": "4.0.6",
      "resolved": "https://registry.npmjs.org/cm-pgn/-/cm-pgn-4.0.6.tgz",
      "integrity": "sha512-4nsWoI+vEGrLaGM2vSOng00qvIl3Oj4bx+5UfFdH8MT7DiaphVt+7vo8PuzUV+jJhmvYnV83/UNv4gyr03Rlfw==",
      "requires": {
        "chess.mjs": "^2.2.3"
      }
    },
    "cm-web-modules": {
      "version": "2.5.1",
      "resolved": "https://registry.npmjs.org/cm-web-modules/-/cm-web-modules-2.5.1.tgz",
      "integrity": "sha512-uRZK/x66ycLTohj8PRjpuaOGri+DZH9u613si59MZehMX+/mrI2cRgUs9rWv8xhxKBZ5F0qpUCuimgWMGC9F+w=="
    },
    "extreme-minimal-css": {
      "version": "1.2.1",
      "resolved": "https://registry.npmjs.org/extreme-minimal-css/-/extreme-minimal-css-1.2.1.tgz",
      "integrity": "sha512-CP/sN+Fq4I1N2DjgC01KPvQx8rH4Ibo479NFt0R0zP0Mib9NZGa9mflef9DTY/vT2JoYNouekwjLtPxDLdHn6Q=="
    }
  }
}
