{
  "name": "cm-fen-editor",
  "version": "3.2.10",
  "lockfileVersion": 2,
  "requires": true,
  "packages": {
    "": {
      "name": "cm-fen-editor",
      "version": "3.2.10",
      "license": "MIT",
      "dependencies": {
        "bootstrap-auto-dark-mode": "^1.1.0",
        "chess.mjs": "^1.4.0",
        "cm-chess": "^3.4.0",
        "cm-chessboard": "^8.5.7",
        "cm-chessboard-position-editor": "^2.2.3",
        "cm-web-modules": "^2.1.3"
      }
    },
    "node_modules/bootstrap-auto-dark-mode": {
      "version": "1.1.0",
      "resolved": "https://registry.npmjs.org/bootstrap-auto-dark-mode/-/bootstrap-auto-dark-mode-1.1.0.tgz",
      "integrity": "sha512-qDMCzwhBWSdIBBNcmTeK32SQi6wbIYdyfNl2K0SGIl2aKx9ckUJDzItVbDwKKJgixd5zhPAKvPazGhqGLUdmZw=="
    },
    "node_modules/chess.mjs": {
      "version": "1.4.0",
      "resolved": "https://registry.npmjs.org/chess.mjs/-/chess.mjs-1.4.0.tgz",
      "integrity": "sha512-TxbpfE4BvRMteIWEy9j1wsR/UwYqGekmZFDcPrKjaqHbmeRwQOv5sribu6PE6nO/69uTxld0nfX7Ra0XA03j4Q=="
    },
    "node_modules/cm-chess": {
      "version": "3.4.0",
      "resolved": "https://registry.npmjs.org/cm-chess/-/cm-chess-3.4.0.tgz",
      "integrity": "sha512-mSrh/RQfO2T8aDNbqZlNQEFdnKwF3uxqndVM/EwQTHXk0TWa2OzBrgZgc1Ys3mzBX7ekT+Ix0K5TDhJiY43v/A==",
      "dependencies": {
        "chess.mjs": "^1.4.0",
        "cm-pgn": "3.2.1"
      }
    },
    "node_modules/cm-chessboard": {
      "version": "8.5.7",
      "resolved": "https://registry.npmjs.org/cm-chessboard/-/cm-chessboard-8.5.7.tgz",
      "integrity": "sha512-7S32U8QcdXOFIaTCjanZO8+Qdc9h7ic+z+W9U4jF3U1vOsVjmi1NPPDCGRr5WLWcpAgmDy8XarSEUTM5igsP2Q=="
    },
    "node_modules/cm-chessboard-position-editor": {
      "version": "2.2.3",
      "resolved": "https://registry.npmjs.org/cm-chessboard-position-editor/-/cm-chessboard-position-editor-2.2.3.tgz",
      "integrity": "sha512-bhix9WW2Jl6tBIjKhWBR45OZrHMdwKA7hT10OPNCliQP36lmU6CqH4mSUeu7vUCCjFkE/5qsV9nX+9XsTuTVPQ==",
      "dependencies": {
        "cm-chessboard": "^8.2.1",
        "extreme-minimal-css": "^1.2.1"
      }
    },
    "node_modules/cm-pgn": {
      "version": "3.2.1",
      "resolved": "https://registry.npmjs.org/cm-pgn/-/cm-pgn-3.2.1.tgz",
      "integrity": "sha512-XKSqQlDFgtenQN0k3cyQEGYjD8SCwoqcHABRJBNrgdnRlcoyvXHXPR0eLWitX8EjEYp+l3Gy2I4OSg62/Eep3w==",
      "dependencies": {
        "chess.mjs": "^1.4.0"
      }
    },
    "node_modules/cm-web-modules": {
      "version": "2.1.3",
      "resolved": "https://registry.npmjs.org/cm-web-modules/-/cm-web-modules-2.1.3.tgz",
      "integrity": "sha512-oTLtFJJiQfbTu/qKYRaKlWYoi9wRKRRfNp1ROkxMXKjtlAxCrSeY1CCZ6hhUV8ctDb3yJGEkXMcki9rp42zVnw=="
    },
    "node_modules/extreme-minimal-css": {
      "version": "1.2.1",
      "resolved": "https://registry.npmjs.org/extreme-minimal-css/-/extreme-minimal-css-1.2.1.tgz",
      "integrity": "sha512-CP/sN+Fq4I1N2DjgC01KPvQx8rH4Ibo479NFt0R0zP0Mib9NZGa9mflef9DTY/vT2JoYNouekwjLtPxDLdHn6Q=="
    }
  },
  "dependencies": {
    "bootstrap-auto-dark-mode": {
      "version": "1.1.0",
      "resolved": "https://registry.npmjs.org/bootstrap-auto-dark-mode/-/bootstrap-auto-dark-mode-1.1.0.tgz",
      "integrity": "sha512-qDMCzwhBWSdIBBNcmTeK32SQi6wbIYdyfNl2K0SGIl2aKx9ckUJDzItVbDwKKJgixd5zhPAKvPazGhqGLUdmZw=="
    },
    "chess.mjs": {
      "version": "1.4.0",
      "resolved": "https://registry.npmjs.org/chess.mjs/-/chess.mjs-1.4.0.tgz",
      "integrity": "sha512-TxbpfE4BvRMteIWEy9j1wsR/UwYqGekmZFDcPrKjaqHbmeRwQOv5sribu6PE6nO/69uTxld0nfX7Ra0XA03j4Q=="
    },
    "cm-chess": {
      "version": "3.4.0",
      "resolved": "https://registry.npmjs.org/cm-chess/-/cm-chess-3.4.0.tgz",
      "integrity": "sha512-mSrh/RQfO2T8aDNbqZlNQEFdnKwF3uxqndVM/EwQTHXk0TWa2OzBrgZgc1Ys3mzBX7ekT+Ix0K5TDhJiY43v/A==",
      "requires": {
        "chess.mjs": "^1.4.0",
        "cm-pgn": "3.2.1"
      }
    },
    "cm-chessboard": {
      "version": "8.5.7",
      "resolved": "https://registry.npmjs.org/cm-chessboard/-/cm-chessboard-8.5.7.tgz",
      "integrity": "sha512-7S32U8QcdXOFIaTCjanZO8+Qdc9h7ic+z+W9U4jF3U1vOsVjmi1NPPDCGRr5WLWcpAgmDy8XarSEUTM5igsP2Q=="
    },
    "cm-chessboard-position-editor": {
      "version": "2.2.3",
      "resolved": "https://registry.npmjs.org/cm-chessboard-position-editor/-/cm-chessboard-position-editor-2.2.3.tgz",
      "integrity": "sha512-bhix9WW2Jl6tBIjKhWBR45OZrHMdwKA7hT10OPNCliQP36lmU6CqH4mSUeu7vUCCjFkE/5qsV9nX+9XsTuTVPQ==",
      "requires": {
        "cm-chessboard": "^8.2.1",
        "extreme-minimal-css": "^1.2.1"
      }
    },
    "cm-pgn": {
      "version": "3.2.1",
      "resolved": "https://registry.npmjs.org/cm-pgn/-/cm-pgn-3.2.1.tgz",
      "integrity": "sha512-XKSqQlDFgtenQN0k3cyQEGYjD8SCwoqcHABRJBNrgdnRlcoyvXHXPR0eLWitX8EjEYp+l3Gy2I4OSg62/Eep3w==",
      "requires": {
        "chess.mjs": "^1.4.0"
      }
    },
    "cm-web-modules": {
      "version": "2.1.3",
      "resolved": "https://registry.npmjs.org/cm-web-modules/-/cm-web-modules-2.1.3.tgz",
      "integrity": "sha512-oTLtFJJiQfbTu/qKYRaKlWYoi9wRKRRfNp1ROkxMXKjtlAxCrSeY1CCZ6hhUV8ctDb3yJGEkXMcki9rp42zVnw=="
    },
    "extreme-minimal-css": {
      "version": "1.2.1",
      "resolved": "https://registry.npmjs.org/extreme-minimal-css/-/extreme-minimal-css-1.2.1.tgz",
      "integrity": "sha512-CP/sN+Fq4I1N2DjgC01KPvQx8rH4Ibo479NFt0R0zP0Mib9NZGa9mflef9DTY/vT2JoYNouekwjLtPxDLdHn6Q=="
    }
  }
}
