{
  "name": "cm-fen-editor",
  "version": "3.1.0",
  "lockfileVersion": 2,
  "requires": true,
  "packages": {
    "": {
      "name": "cm-fen-editor",
      "version": "3.1.0",
      "hasInstallScript": true,
      "license": "MIT",
      "dependencies": {
        "bind.mjs": "^1.1.0",
        "bootstrap": "^5.2.3",
        "chess.mjs": "^1.3.1",
        "cm-chess": "^2.4.2",
        "cm-chessboard": "^7.2.5",
        "cm-web-modules": "^1.18.11",
        "modlib": "^1.2.10",
        "popper.js": "^1.16.1"
      }
    },
    "node_modules/@popperjs/core": {
      "version": "2.11.6",
      "resolved": "https://registry.npmjs.org/@popperjs/core/-/core-2.11.6.tgz",
      "integrity": "sha512-50/17A98tWUfQ176raKiOGXuYpLyyVMkxxG6oylzL3BPOlA6ADGdK7EYunSa4I064xerltq9TGXs8HmOk5E+vw==",
      "peer": true,
      "funding": {
        "type": "opencollective",
        "url": "https://opencollective.com/popperjs"
      }
    },
    "node_modules/bind.mjs": {
      "version": "1.1.0",
      "resolved": "https://registry.npmjs.org/bind.mjs/-/bind.mjs-1.1.0.tgz",
      "integrity": "sha512-96snUkQzFqlnpSeVsyk0axg2tny9ZjDKFs+diCKOJctZe/EnXcq+q+OZTkN06NI5w/2FwiFBao1rJi675Yu8Hw=="
    },
    "node_modules/bootstrap": {
      "version": "5.2.3",
      "resolved": "https://registry.npmjs.org/bootstrap/-/bootstrap-5.2.3.tgz",
      "integrity": "sha512-cEKPM+fwb3cT8NzQZYEu4HilJ3anCrWqh3CHAok1p9jXqMPsPTBhU25fBckEJHJ/p+tTxTFTsFQGM+gaHpi3QQ==",
      "funding": [
        {
          "type": "github",
          "url": "https://github.com/sponsors/twbs"
        },
        {
          "type": "opencollective",
          "url": "https://opencollective.com/bootstrap"
        }
      ],
      "peerDependencies": {
        "@popperjs/core": "^2.11.6"
      }
    },
    "node_modules/chess.mjs": {
      "version": "1.3.1",
      "resolved": "https://registry.npmjs.org/chess.mjs/-/chess.mjs-1.3.1.tgz",
      "integrity": "sha512-ugoGp7q/yuxoXk/1wziADHClbnKC4yEFWDLPDZ/9sNh8M75ClYcO9TnFSsnHC0j5xu8h4xE+gWTzK9UMlzld7Q=="
    },
    "node_modules/cm-chess": {
      "version": "2.4.2",
      "resolved": "https://registry.npmjs.org/cm-chess/-/cm-chess-2.4.2.tgz",
      "integrity": "sha512-3P/MDyAMvPL+CKnPrl8wISFH359MmPFfYF+HI1ROBsVp1jvNNZwFZjGpF17twXk2vO6mGC5k4zJEC8zywCVhVQ==",
      "hasInstallScript": true,
      "dependencies": {
        "chess.mjs": "^1.3.1",
        "cm-pgn": "^2.1.11",
        "modlib": "^1.2.10"
      }
    },
    "node_modules/cm-chessboard": {
      "version": "7.2.5",
      "resolved": "https://registry.npmjs.org/cm-chessboard/-/cm-chessboard-7.2.5.tgz",
      "integrity": "sha512-W40wvyOD3kspc2HhZ8oHhyQxft/ebha1VDfZdE49oFjeELcCvJg2nm1UUV/OZtQBdqpBKiqTJOuZGwrX0pZHFA=="
    },
    "node_modules/cm-pgn": {
      "version": "2.2.0",
      "resolved": "https://registry.npmjs.org/cm-pgn/-/cm-pgn-2.2.0.tgz",
      "integrity": "sha512-rK+XiK5uxHlBQNS4uhXsYEU/T4h5xvB4KHvTwbrjFaaCFdOvqUalvFwU4Ezg5uEJaw/JDXYU6lpIapo8PYf07Q==",
      "hasInstallScript": true,
      "dependencies": {
        "chess.mjs": "^1.3.1",
        "modlib": "^1.2.10"
      }
    },
    "node_modules/cm-web-modules": {
      "version": "1.18.11",
      "resolved": "https://registry.npmjs.org/cm-web-modules/-/cm-web-modules-1.18.11.tgz",
      "integrity": "sha512-BAar2pBnsBLPDXLGSdG9k1FU6TovzDGoDCjQPJxPr5h34E95qvCZ9hGNMbi7pkfmKr+g9+uu6hT4qfdjeX4Jmg=="
    },
    "node_modules/modlib": {
      "version": "1.2.10",
      "resolved": "https://registry.npmjs.org/modlib/-/modlib-1.2.10.tgz",
      "integrity": "sha512-aaT9AYNH9cEX3NhEmLAsaogOpYQVRqIYxnMS+9r+XN1MDxprCD+ToLSAWfNhcpuY0J69KU/Rz5N16ATJ2Z/TVA=="
    },
    "node_modules/popper.js": {
      "version": "1.16.1",
      "resolved": "https://registry.npmjs.org/popper.js/-/popper.js-1.16.1.tgz",
      "integrity": "sha512-Wb4p1J4zyFTbM+u6WuO4XstYx4Ky9Cewe4DWrel7B0w6VVICvPwdOpotjzcf6eD8TsckVnIMNONQyPIUFOUbCQ==",
      "deprecated": "You can find the new Popper v2 at @popperjs/core, this package is dedicated to the legacy v1",
      "funding": {
        "type": "opencollective",
        "url": "https://opencollective.com/popperjs"
      }
    }
  },
  "dependencies": {
    "@popperjs/core": {
      "version": "2.11.6",
      "resolved": "https://registry.npmjs.org/@popperjs/core/-/core-2.11.6.tgz",
      "integrity": "sha512-50/17A98tWUfQ176raKiOGXuYpLyyVMkxxG6oylzL3BPOlA6ADGdK7EYunSa4I064xerltq9TGXs8HmOk5E+vw==",
      "peer": true
    },
    "bind.mjs": {
      "version": "1.1.0",
      "resolved": "https://registry.npmjs.org/bind.mjs/-/bind.mjs-1.1.0.tgz",
      "integrity": "sha512-96snUkQzFqlnpSeVsyk0axg2tny9ZjDKFs+diCKOJctZe/EnXcq+q+OZTkN06NI5w/2FwiFBao1rJi675Yu8Hw=="
    },
    "bootstrap": {
      "version": "5.2.3",
      "resolved": "https://registry.npmjs.org/bootstrap/-/bootstrap-5.2.3.tgz",
      "integrity": "sha512-cEKPM+fwb3cT8NzQZYEu4HilJ3anCrWqh3CHAok1p9jXqMPsPTBhU25fBckEJHJ/p+tTxTFTsFQGM+gaHpi3QQ==",
      "requires": {}
    },
    "chess.mjs": {
      "version": "1.3.1",
      "resolved": "https://registry.npmjs.org/chess.mjs/-/chess.mjs-1.3.1.tgz",
      "integrity": "sha512-ugoGp7q/yuxoXk/1wziADHClbnKC4yEFWDLPDZ/9sNh8M75ClYcO9TnFSsnHC0j5xu8h4xE+gWTzK9UMlzld7Q=="
    },
    "cm-chess": {
      "version": "2.4.2",
      "resolved": "https://registry.npmjs.org/cm-chess/-/cm-chess-2.4.2.tgz",
      "integrity": "sha512-3P/MDyAMvPL+CKnPrl8wISFH359MmPFfYF+HI1ROBsVp1jvNNZwFZjGpF17twXk2vO6mGC5k4zJEC8zywCVhVQ==",
      "requires": {
        "chess.mjs": "^1.3.1",
        "cm-pgn": "^2.1.11",
        "modlib": "^1.2.10"
      }
    },
    "cm-chessboard": {
      "version": "7.2.5",
      "resolved": "https://registry.npmjs.org/cm-chessboard/-/cm-chessboard-7.2.5.tgz",
      "integrity": "sha512-W40wvyOD3kspc2HhZ8oHhyQxft/ebha1VDfZdE49oFjeELcCvJg2nm1UUV/OZtQBdqpBKiqTJOuZGwrX0pZHFA=="
    },
    "cm-pgn": {
      "version": "2.2.0",
      "resolved": "https://registry.npmjs.org/cm-pgn/-/cm-pgn-2.2.0.tgz",
      "integrity": "sha512-rK+XiK5uxHlBQNS4uhXsYEU/T4h5xvB4KHvTwbrjFaaCFdOvqUalvFwU4Ezg5uEJaw/JDXYU6lpIapo8PYf07Q==",
      "requires": {
        "chess.mjs": "^1.3.1",
        "modlib": "^1.2.10"
      }
    },
    "cm-web-modules": {
      "version": "1.18.11",
      "resolved": "https://registry.npmjs.org/cm-web-modules/-/cm-web-modules-1.18.11.tgz",
      "integrity": "sha512-BAar2pBnsBLPDXLGSdG9k1FU6TovzDGoDCjQPJxPr5h34E95qvCZ9hGNMbi7pkfmKr+g9+uu6hT4qfdjeX4Jmg=="
    },
    "modlib": {
      "version": "1.2.10",
      "resolved": "https://registry.npmjs.org/modlib/-/modlib-1.2.10.tgz",
      "integrity": "sha512-aaT9AYNH9cEX3NhEmLAsaogOpYQVRqIYxnMS+9r+XN1MDxprCD+ToLSAWfNhcpuY0J69KU/Rz5N16ATJ2Z/TVA=="
    },
    "popper.js": {
      "version": "1.16.1",
      "resolved": "https://registry.npmjs.org/popper.js/-/popper.js-1.16.1.tgz",
      "integrity": "sha512-Wb4p1J4zyFTbM+u6WuO4XstYx4Ky9Cewe4DWrel7B0w6VVICvPwdOpotjzcf6eD8TsckVnIMNONQyPIUFOUbCQ=="
    }
  }
}
